
Microsoft Visual Studio Solution File, Format Version 12.00
# Visual Studio Version 17
VisualStudioVersion = 17.11.35327.3
MinimumVisualStudioVersion = 10.0.40219.1
Project("{FAE04EC0-301F-11D3-BF4B-00C04F79EFBC}") = "Bookstore.Domain", "Bookstore.Domain\Bookstore.Domain.csproj", "{F2EDEFBD-B689-4BAB-BB15-69BF626F824E}"
EndProject
Project("{FAE04EC0-301F-11D3-BF4B-00C04F79EFBC}") = "Bookstore.Application", "Bookstore.Application\Bookstore.Application.csproj", "{3672BFA2-9B6D-4094-A455-57A93B7C11F5}"
EndProject
Global
	GlobalSection(SolutionConfigurationPlatforms) = preSolution
		Debug|Any CPU = Debug|Any CPU
		Release|Any CPU = Release|Any CPU
	EndGlobalSection
	GlobalSection(ProjectConfigurationPlatforms) = postSolution
		{F2EDEFBD-B689-4BAB-BB15-69BF626F824E}.Debug|Any CPU.ActiveCfg = Debug|Any CPU
		{F2EDEFBD-B689-4BAB-BB15-69BF626F824E}.Debug|Any CPU.Build.0 = Debug|Any CPU
		{F2EDEFBD-B689-4BAB-BB15-69BF626F824E}.Release|Any CPU.ActiveCfg = Release|Any CPU
		{F2EDEFBD-B689-4BAB-BB15-69BF626F824E}.Release|Any CPU.Build.0 = Release|Any CPU
		{3672BFA2-9B6D-4094-A455-57A93B7C11F5}.Debug|Any CPU.ActiveCfg = Debug|Any CPU
		{3672BFA2-9B6D-4094-A455-57A93B7C11F5}.Debug|Any CPU.Build.0 = Debug|Any CPU
		{3672BFA2-9B6D-4094-A455-57A93B7C11F5}.Release|Any CPU.ActiveCfg = Release|Any CPU
		{3672BFA2-9B6D-4094-A455-57A93B7C11F5}.Release|Any CPU.Build.0 = Release|Any CPU
	EndGlobalSection
	GlobalSection(SolutionProperties) = preSolution
		HideSolutionNode = FALSE
	EndGlobalSection
	GlobalSection(ExtensibilityGlobals) = postSolution
		SolutionGuid = {9D3DFBCD-058E-489F-B2FA-BBB2D93BDFC7}
	EndGlobalSection
EndGlobal
